
Microsoft Visual Studio Solution File, Format Version 12.00
# Visual Studio Version 17
VisualStudioVersion = 17.9.34607.119
MinimumVisualStudioVersion = 10.0.40219.1
Project("{FAE04EC0-301F-11D3-BF4B-00C04F79EFBC}") = "AsalSayıAlgoritması", "AsalSayıAlgoritması\AsalSayıAlgoritması.csproj", "{F912C0CB-1046-447E-BBB9-0051127360BD}"
EndProject
Global
	GlobalSection(SolutionConfigurationPlatforms) = preSolution
		Debug|Any CPU = Debug|Any CPU
		Release|Any CPU = Release|Any CPU
	EndGlobalSection
	GlobalSection(ProjectConfigurationPlatforms) = postSolution
		{F912C0CB-1046-447E-BBB9-0051127360BD}.Debug|Any CPU.ActiveCfg = Debug|Any CPU
		{F912C0CB-1046-447E-BBB9-0051127360BD}.Debug|Any CPU.Build.0 = Debug|Any CPU
		{F912C0CB-1046-447E-BBB9-0051127360BD}.Release|Any CPU.ActiveCfg = Release|Any CPU
		{F912C0CB-1046-447E-BBB9-0051127360BD}.Release|Any CPU.Build.0 = Release|Any CPU
	EndGlobalSection
	GlobalSection(SolutionProperties) = preSolution
		HideSolutionNode = FALSE
	EndGlobalSection
	GlobalSection(ExtensibilityGlobals) = postSolution
		SolutionGuid = {9BDD8EDE-3C41-48BF-BC17-313178A95201}
	EndGlobalSection
EndGlobal
